
Microsoft Visual Studio Solution File, Format Version 12.00
# Visual Studio 15
VisualStudioVersion = 15.0.28307.572
MinimumVisualStudioVersion = 10.0.40219.1
Project("{FAE04EC0-301F-11D3-BF4B-00C04F79EFBC}") = "WcfServiceLibrary1", "WcfServiceLibrary1\WcfServiceLibrary1.csproj", "{8AE0A6D7-59A2-4196-8CD4-E877E1D677BB}"
EndProject
Project("{FAE04EC0-301F-11D3-BF4B-00C04F79EFBC}") = "Host", "Host\Host.csproj", "{5B1E2906-75DA-456C-BC38-984492AE9DE4}"
EndProject
Project("{FAE04EC0-301F-11D3-BF4B-00C04F79EFBC}") = "Klient", "Klient\Klient.csproj", "{2C9F845B-DC13-4BDE-A750-11E5EAFAB109}"
EndProject
Project("{FAE04EC0-301F-11D3-BF4B-00C04F79EFBC}") = "CallbackContract", "CallbackContract\CallbackContract.csproj", "{0006FC25-B049-4431-A9B0-7C81E8F54784}"
EndProject
Project("{2150E333-8FDC-42A3-9474-1A3956D46DE8}") = "A", "A", "{5DB9D352-B035-44CF-B156-B6CE9B51F140}"
EndProject
Project("{2150E333-8FDC-42A3-9474-1A3956D46DE8}") = "B", "B", "{F6802786-DC17-48D0-B442-1F484A1E5652}"
EndProject
Project("{FAE04EC0-301F-11D3-BF4B-00C04F79EFBC}") = "Kontrakt", "Kontrakt\Kontrakt.csproj", "{EF5CF0E2-6F8E-4133-A54E-0B1A00EC22F6}"
EndProject
Project("{FAE04EC0-301F-11D3-BF4B-00C04F79EFBC}") = "HostB", "HostB\HostB.csproj", "{2BE64E64-CFBC-4571-ACA1-E994F3831E50}"
EndProject
Project("{FAE04EC0-301F-11D3-BF4B-00C04F79EFBC}") = "KlientB", "KlientB\KlientB.csproj", "{54470CDF-2B62-400E-89E7-218452C834CF}"
EndProject
Global
	GlobalSection(SolutionConfigurationPlatforms) = preSolution
		Debug|Any CPU = Debug|Any CPU
		Release|Any CPU = Release|Any CPU
	EndGlobalSection
	GlobalSection(ProjectConfigurationPlatforms) = postSolution
		{8AE0A6D7-59A2-4196-8CD4-E877E1D677BB}.Debug|Any CPU.ActiveCfg = Debug|Any CPU
		{8AE0A6D7-59A2-4196-8CD4-E877E1D677BB}.Debug|Any CPU.Build.0 = Debug|Any CPU
		{8AE0A6D7-59A2-4196-8CD4-E877E1D677BB}.Release|Any CPU.ActiveCfg = Release|Any CPU
		{8AE0A6D7-59A2-4196-8CD4-E877E1D677BB}.Release|Any CPU.Build.0 = Release|Any CPU
		{5B1E2906-75DA-456C-BC38-984492AE9DE4}.Debug|Any CPU.ActiveCfg = Debug|Any CPU
		{5B1E2906-75DA-456C-BC38-984492AE9DE4}.Debug|Any CPU.Build.0 = Debug|Any CPU
		{5B1E2906-75DA-456C-BC38-984492AE9DE4}.Release|Any CPU.ActiveCfg = Release|Any CPU
		{5B1E2906-75DA-456C-BC38-984492AE9DE4}.Release|Any CPU.Build.0 = Release|Any CPU
		{2C9F845B-DC13-4BDE-A750-11E5EAFAB109}.Debug|Any CPU.ActiveCfg = Debug|Any CPU
		{2C9F845B-DC13-4BDE-A750-11E5EAFAB109}.Debug|Any CPU.Build.0 = Debug|Any CPU
		{2C9F845B-DC13-4BDE-A750-11E5EAFAB109}.Release|Any CPU.ActiveCfg = Release|Any CPU
		{2C9F845B-DC13-4BDE-A750-11E5EAFAB109}.Release|Any CPU.Build.0 = Release|Any CPU
		{0006FC25-B049-4431-A9B0-7C81E8F54784}.Debug|Any CPU.ActiveCfg = Debug|Any CPU
		{0006FC25-B049-4431-A9B0-7C81E8F54784}.Debug|Any CPU.Build.0 = Debug|Any CPU
		{0006FC25-B049-4431-A9B0-7C81E8F54784}.Release|Any CPU.ActiveCfg = Release|Any CPU
		{0006FC25-B049-4431-A9B0-7C81E8F54784}.Release|Any CPU.Build.0 = Release|Any CPU
		{EF5CF0E2-6F8E-4133-A54E-0B1A00EC22F6}.Debug|Any CPU.ActiveCfg = Debug|Any CPU
		{EF5CF0E2-6F8E-4133-A54E-0B1A00EC22F6}.Debug|Any CPU.Build.0 = Debug|Any CPU
		{EF5CF0E2-6F8E-4133-A54E-0B1A00EC22F6}.Release|Any CPU.ActiveCfg = Release|Any CPU
		{EF5CF0E2-6F8E-4133-A54E-0B1A00EC22F6}.Release|Any CPU.Build.0 = Release|Any CPU
		{2BE64E64-CFBC-4571-ACA1-E994F3831E50}.Debug|Any CPU.ActiveCfg = Debug|Any CPU
		{2BE64E64-CFBC-4571-ACA1-E994F3831E50}.Debug|Any CPU.Build.0 = Debug|Any CPU
		{2BE64E64-CFBC-4571-ACA1-E994F3831E50}.Release|Any CPU.ActiveCfg = Release|Any CPU
		{2BE64E64-CFBC-4571-ACA1-E994F3831E50}.Release|Any CPU.Build.0 = Release|Any CPU
		{54470CDF-2B62-400E-89E7-218452C834CF}.Debug|Any CPU.ActiveCfg = Debug|Any CPU
		{54470CDF-2B62-400E-89E7-218452C834CF}.Debug|Any CPU.Build.0 = Debug|Any CPU
		{54470CDF-2B62-400E-89E7-218452C834CF}.Release|Any CPU.ActiveCfg = Release|Any CPU
		{54470CDF-2B62-400E-89E7-218452C834CF}.Release|Any CPU.Build.0 = Release|Any CPU
	EndGlobalSection
	GlobalSection(SolutionProperties) = preSolution
		HideSolutionNode = FALSE
	EndGlobalSection
	GlobalSection(NestedProjects) = preSolution
		{8AE0A6D7-59A2-4196-8CD4-E877E1D677BB} = {5DB9D352-B035-44CF-B156-B6CE9B51F140}
		{5B1E2906-75DA-456C-BC38-984492AE9DE4} = {5DB9D352-B035-44CF-B156-B6CE9B51F140}
		{2C9F845B-DC13-4BDE-A750-11E5EAFAB109} = {5DB9D352-B035-44CF-B156-B6CE9B51F140}
		{0006FC25-B049-4431-A9B0-7C81E8F54784} = {5DB9D352-B035-44CF-B156-B6CE9B51F140}
		{EF5CF0E2-6F8E-4133-A54E-0B1A00EC22F6} = {F6802786-DC17-48D0-B442-1F484A1E5652}
		{2BE64E64-CFBC-4571-ACA1-E994F3831E50} = {F6802786-DC17-48D0-B442-1F484A1E5652}
		{54470CDF-2B62-400E-89E7-218452C834CF} = {F6802786-DC17-48D0-B442-1F484A1E5652}
	EndGlobalSection
	GlobalSection(ExtensibilityGlobals) = postSolution
		SolutionGuid = {9FE0ED77-3E03-4FA6-A55C-BFD55B522523}
	EndGlobalSection
EndGlobal
